// !$*UTF8*$!
{
	archiveVersion = 1;
	classes = {
	};
	objectVersion = 46;
	objects = {

/* Begin PBXBuildFile section */
		831F08B51900A432006E15C9 /* Foundation.framework in Frameworks */ = {isa = PBXBuildFile; fileRef = 831F08B41900A432006E15C9 /* Foundation.framework */; };
		831F08B71900A432006E15C9 /* CoreGraphics.framework in Frameworks */ = {isa = PBXBuildFile; fileRef = 831F08B61900A432006E15C9 /* CoreGraphics.framework */; };
		831F08B91900A432006E15C9 /* UIKit.framework in Frameworks */ = {isa = PBXBuildFile; fileRef = 831F08B81900A432006E15C9 /* UIKit.framework */; };
		831F08BF1900A432006E15C9 /* InfoPlist.strings in Resources */ = {isa = PBXBuildFile; fileRef = 831F08BD1900A432006E15C9 /* InfoPlist.strings */; };
		831F08C11900A432006E15C9 /* main.m in Sources */ = {isa = PBXBuildFile; fileRef = 831F08C01900A432006E15C9 /* main.m */; };
		831F08C51900A432006E15C9 /* GSAppDelegate.m in Sources */ = {isa = PBXBuildFile; fileRef = 831F08C41900A432006E15C9 /* GSAppDelegate.m */; };
		831F08C81900A432006E15C9 /* Main.storyboard in Resources */ = {isa = PBXBuildFile; fileRef = 831F08C61900A432006E15C9 /* Main.storyboard */; };
		831F08CD1900A432006E15C9 /* Images.xcassets in Resources */ = {isa = PBXBuildFile; fileRef = 831F08CC1900A432006E15C9 /* Images.xcassets */; };
		831F08D41900A432006E15C9 /* XCTest.framework in Frameworks */ = {isa = PBXBuildFile; fileRef = 831F08D31900A432006E15C9 /* XCTest.framework */; };
		831F08D51900A432006E15C9 /* Foundation.framework in Frameworks */ = {isa = PBXBuildFile; fileRef = 831F08B41900A432006E15C9 /* Foundation.framework */; };
		831F08D61900A432006E15C9 /* UIKit.framework in Frameworks */ = {isa = PBXBuildFile; fileRef = 831F08B81900A432006E15C9 /* UIKit.framework */; };
		831F08DE1900A432006E15C9 /* InfoPlist.strings in Resources */ = {isa = PBXBuildFile; fileRef = 831F08DC1900A432006E15C9 /* InfoPlist.strings */; };
		831F08E01900A432006E15C9 /* GaussiTests.m in Sources */ = {isa = PBXBuildFile; fileRef = 831F08DF1900A432006E15C9 /* GaussiTests.m */; };
		831F09141900B359006E15C9 /* GSSplashView.m in Sources */ = {isa = PBXBuildFile; fileRef = 831F09131900B359006E15C9 /* GSSplashView.m */; };
		831F09171900B3A5006E15C9 /* GSReaderView.m in Sources */ = {isa = PBXBuildFile; fileRef = 831F09161900B3A5006E15C9 /* GSReaderView.m */; };
		831F091A1900B45D006E15C9 /* GSHomePageView.m in Sources */ = {isa = PBXBuildFile; fileRef = 831F09191900B45D006E15C9 /* GSHomePageView.m */; };
		831F09211900B809006E15C9 /* BackGroundImage.jpg in Resources */ = {isa = PBXBuildFile; fileRef = 831F091D1900B809006E15C9 /* BackGroundImage.jpg */; };
		831F09221900B809006E15C9 /* BigLogo.png in Resources */ = {isa = PBXBuildFile; fileRef = 831F091E1900B809006E15C9 /* BigLogo.png */; };
		831F09231900B809006E15C9 /* FocusOnKnowledgeItself.png in Resources */ = {isa = PBXBuildFile; fileRef = 831F091F1900B809006E15C9 /* FocusOnKnowledgeItself.png */; };
		831F09241900B809006E15C9 /* IndividualizedKnowledgeBase.png in Resources */ = {isa = PBXBuildFile; fileRef = 831F09201900B809006E15C9 /* IndividualizedKnowledgeBase.png */; };
		831F09321900B8A9006E15C9 /* HPBackGroundImage.jpg in Resources */ = {isa = PBXBuildFile; fileRef = 831F09251900B8A9006E15C9 /* HPBackGroundImage.jpg */; };
		831F09331900B8A9006E15C9 /* HPBackGroundImageBlured.png in Resources */ = {isa = PBXBuildFile; fileRef = 831F09261900B8A9006E15C9 /* HPBackGroundImageBlured.png */; };
		831F09341900B8A9006E15C9 /* HPDidYouKnowFrame.png in Resources */ = {isa = PBXBuildFile; fileRef = 831F09271900B8A9006E15C9 /* HPDidYouKnowFrame.png */; };
		831F09351900B8A9006E15C9 /* HPFocusOnKnowledgeItself.png in Resources */ = {isa = PBXBuildFile; fileRef = 831F09281900B8A9006E15C9 /* HPFocusOnKnowledgeItself.png */; };
		831F09361900B8A9006E15C9 /* HPIndividualizedKnowledgeBase.png in Resources */ = {isa = PBXBuildFile; fileRef = 831F09291900B8A9006E15C9 /* HPIndividualizedKnowledgeBase.png */; };
		831F09371900B8A9006E15C9 /* HPLearnMoreButton.png in Resources */ = {isa = PBXBuildFile; fileRef = 831F092A1900B8A9006E15C9 /* HPLearnMoreButton.png */; };
		831F09381900B8A9006E15C9 /* HPMagnifyingGlass (SearchButton).png in Resources */ = {isa = PBXBuildFile; fileRef = 831F092B1900B8A9006E15C9 /* HPMagnifyingGlass (SearchButton).png */; };
		831F09391900B8A9006E15C9 /* HPMainPageLogo.png in Resources */ = {isa = PBXBuildFile; fileRef = 831F092C1900B8A9006E15C9 /* HPMainPageLogo.png */; };
		831F093A1900B8A9006E15C9 /* HPMoreOptionsButton.png in Resources */ = {isa = PBXBuildFile; fileRef = 831F092D1900B8A9006E15C9 /* HPMoreOptionsButton.png */; };
		831F093B1900B8A9006E15C9 /* HPPullUpButton.png in Resources */ = {isa = PBXBuildFile; fileRef = 831F092E1900B8A9006E15C9 /* HPPullUpButton.png */; };
		831F093C1900B8A9006E15C9 /* HPQuestionMark.png in Resources */ = {isa = PBXBuildFile; fileRef = 831F092F1900B8A9006E15C9 /* HPQuestionMark.png */; };
		831F093D1900B8A9006E15C9 /* HPSearchArea.png in Resources */ = {isa = PBXBuildFile; fileRef = 831F09301900B8A9006E15C9 /* HPSearchArea.png */; };
		831F093E1900B8A9006E15C9 /* HPTrendingSearchedWordsFrame.png in Resources */ = {isa = PBXBuildFile; fileRef = 831F09311900B8A9006E15C9 /* HPTrendingSearchedWordsFrame.png */; };
		831F09481900B8DE006E15C9 /* CreateEncyclopediaIcon.png in Resources */ = {isa = PBXBuildFile; fileRef = 831F09401900B8DE006E15C9 /* CreateEncyclopediaIcon.png */; };
		831F09491900B8DE006E15C9 /* HelpIcon.png in Resources */ = {isa = PBXBuildFile; fileRef = 831F09411900B8DE006E15C9 /* HelpIcon.png */; };
		831F094A1900B8DE006E15C9 /* KnowledgeBaseIcon.png in Resources */ = {isa = PBXBuildFile; fileRef = 831F09421900B8DE006E15C9 /* KnowledgeBaseIcon.png */; };
		831F094B1900B8DE006E15C9 /* MenuDroppedShadow.png in Resources */ = {isa = PBXBuildFile; fileRef = 831F09431900B8DE006E15C9 /* MenuDroppedShadow.png */; };
		831F094C1900B8DE006E15C9 /* MoreOptionsMenuArea.png in Resources */ = {isa = PBXBuildFile; fileRef = 831F09441900B8DE006E15C9 /* MoreOptionsMenuArea.png */; };
		831F094D1900B8DE006E15C9 /* ProfileIcon.png in Resources */ = {isa = PBXBuildFile; fileRef = 831F09451900B8DE006E15C9 /* ProfileIcon.png */; };
		831F094E1900B8DE006E15C9 /* SettingsIcon.png in Resources */ = {isa = PBXBuildFile; fileRef = 831F09461900B8DE006E15C9 /* SettingsIcon.png */; };
		831F094F1900B8DE006E15C9 /* ViewHistoryIcon.png in Resources */ = {isa = PBXBuildFile; fileRef = 831F09471900B8DE006E15C9 /* ViewHistoryIcon.png */; };
		831F09531900B8FB006E15C9 /* NavigationTriangle.png in Resources */ = {isa = PBXBuildFile; fileRef = 831F09501900B8FB006E15C9 /* NavigationTriangle.png */; };
		831F09541900B8FB006E15C9 /* SeeProfileButton(fold).png in Resources */ = {isa = PBXBuildFile; fileRef = 831F09511900B8FB006E15C9 /* SeeProfileButton(fold).png */; };
		831F09551900B8FB006E15C9 /* SeeProfileButton(unfold).png in Resources */ = {isa = PBXBuildFile; fileRef = 831F09521900B8FB006E15C9 /* SeeProfileButton(unfold).png */; };
		831F095C1900B910006E15C9 /* Bookmark.png in Resources */ = {isa = PBXBuildFile; fileRef = 831F09561900B910006E15C9 /* Bookmark.png */; };
		831F095D1900B910006E15C9 /* Brightness.png in Resources */ = {isa = PBXBuildFile; fileRef = 831F09571900B910006E15C9 /* Brightness.png */; };
		831F095E1900B910006E15C9 /* GoBackButton.png in Resources */ = {isa = PBXBuildFile; fileRef = 831F09581900B910006E15C9 /* GoBackButton.png */; };
		831F095F1900B910006E15C9 /* NextButton.png in Resources */ = {isa = PBXBuildFile; fileRef = 831F09591900B910006E15C9 /* NextButton.png */; };
		831F09601900B910006E15C9 /* Search.png in Resources */ = {isa = PBXBuildFile; fileRef = 831F095A1900B910006E15C9 /* Search.png */; };
		831F09611900B910006E15C9 /* TextSize.png in Resources */ = {isa = PBXBuildFile; fileRef = 831F095B1900B910006E15C9 /* TextSize.png */; };
		831F09661900B925006E15C9 /* PlayButton.png in Resources */ = {isa = PBXBuildFile; fileRef = 831F09621900B925006E15C9 /* PlayButton.png */; };
		831F09671900B925006E15C9 /* StopButton.png in Resources */ = {isa = PBXBuildFile; fileRef = 831F09631900B925006E15C9 /* StopButton.png */; };
		831F09681900B925006E15C9 /* VideoPlayButton.png in Resources */ = {isa = PBXBuildFile; fileRef = 831F09641900B925006E15C9 /* VideoPlayButton.png */; };
		831F09691900B925006E15C9 /* VolumeButton.png in Resources */ = {isa = PBXBuildFile; fileRef = 831F09651900B925006E15C9 /* VolumeButton.png */; };
		831F09721900B955006E15C9 /* Face.png in Resources */ = {isa = PBXBuildFile; fileRef = 831F096B1900B955006E15C9 /* Face.png */; };
		831F09731900B955006E15C9 /* Letter.png in Resources */ = {isa = PBXBuildFile; fileRef = 831F096C1900B955006E15C9 /* Letter.png */; };
		831F09741900B955006E15C9 /* MenuButtonBackground.png in Resources */ = {isa = PBXBuildFile; fileRef = 831F096D1900B955006E15C9 /* MenuButtonBackground.png */; };
		831F09751900B955006E15C9 /* OpenButton.png in Resources */ = {isa = PBXBuildFile; fileRef = 831F096E1900B955006E15C9 /* OpenButton.png */; };
		831F09761900B955006E15C9 /* RatingStarTransparent.png in Resources */ = {isa = PBXBuildFile; fileRef = 831F096F1900B955006E15C9 /* RatingStarTransparent.png */; };
		831F09771900B955006E15C9 /* RatingStarWhite.png in Resources */ = {isa = PBXBuildFile; fileRef = 831F09701900B955006E15C9 /* RatingStarWhite.png */; };
		831F09781900B955006E15C9 /* Twitter.png in Resources */ = {isa = PBXBuildFile; fileRef = 831F09711900B955006E15C9 /* Twitter.png */; };
		831F097A1900B961006E15C9 /* InfoBoxBackgroundImage.png in Resources */ = {isa = PBXBuildFile; fileRef = 831F09791900B961006E15C9 /* InfoBoxBackgroundImage.png */; };
		831F09811900BA15006E15C9 /* CreatingEncyclopediaIcon02.png in Resources */ = {isa = PBXBuildFile; fileRef = 831F097C1900BA15006E15C9 /* CreatingEncyclopediaIcon02.png */; };
		831F09821900BA15006E15C9 /* GaussiStoreIcon2.png in Resources */ = {isa = PBXBuildFile; fileRef = 831F097D1900BA15006E15C9 /* GaussiStoreIcon2.png */; };
		831F09831900BA15006E15C9 /* KnowledgeBaseIcon2.png in Resources */ = {isa = PBXBuildFile; fileRef = 831F097E1900BA15006E15C9 /* KnowledgeBaseIcon2.png */; };
		831F09841900BA15006E15C9 /* PurchaseButtion.png in Resources */ = {isa = PBXBuildFile; fileRef = 831F097F1900BA15006E15C9 /* PurchaseButtion.png */; };
		831F09851900BA15006E15C9 /* ViewHistoryIcon2.png in Resources */ = {isa = PBXBuildFile; fileRef = 831F09801900BA15006E15C9 /* ViewHistoryIcon2.png */; };
		83365CA21912B2DD007A31DF /* GSInfoBoxView.m in Sources */ = {isa = PBXBuildFile; fileRef = 83365CA11912B2DD007A31DF /* GSInfoBoxView.m */; };
		83365CA41912DA8F007A31DF /* SampleProfilePic.png in Resources */ = {isa = PBXBuildFile; fileRef = 83365CA31912DA8F007A31DF /* SampleProfilePic.png */; };
		83365CA61912DC80007A31DF /* SampleInfoBoxBackgroundImage.png in Resources */ = {isa = PBXBuildFile; fileRef = 83365CA51912DC80007A31DF /* SampleInfoBoxBackgroundImage.png */; };
		835E7E7D1911E3B200B3FC2B /* GSOptionsViewController.m in Sources */ = {isa = PBXBuildFile; fileRef = 835E7E7C1911E3B200B3FC2B /* GSOptionsViewController.m */; };
		835E7E7F19120B6B00B3FC2B /* SampleCover.png in Resources */ = {isa = PBXBuildFile; fileRef = 835E7E7E19120B6B00B3FC2B /* SampleCover.png */; };
		835E7E8119120C3E00B3FC2B /* continue.png in Resources */ = {isa = PBXBuildFile; fileRef = 835E7E8019120C3E00B3FC2B /* continue.png */; };
		8381CF64190F43640025BEE2 /* GSHomePageTest.m in Sources */ = {isa = PBXBuildFile; fileRef = 8381CF63190F43640025BEE2 /* GSHomePageTest.m */; };
		8381CF68190F43A70025BEE2 /* GSScrollWindow.m in Sources */ = {isa = PBXBuildFile; fileRef = 8381CF67190F43A70025BEE2 /* GSScrollWindow.m */; };
		8381CF6B190F43BB0025BEE2 /* GSScrollSingleWindow.m in Sources */ = {isa = PBXBuildFile; fileRef = 8381CF6A190F43BB0025BEE2 /* GSScrollSingleWindow.m */; };
		8381CF70190F445D0025BEE2 /* HPbg1.png in Resources */ = {isa = PBXBuildFile; fileRef = 8381CF6C190F445D0025BEE2 /* HPbg1.png */; };
		8381CF71190F445D0025BEE2 /* HPbg2.png in Resources */ = {isa = PBXBuildFile; fileRef = 8381CF6D190F445D0025BEE2 /* HPbg2.png */; };
		8381CF72190F445D0025BEE2 /* HPbg3.png in Resources */ = {isa = PBXBuildFile; fileRef = 8381CF6E190F445D0025BEE2 /* HPbg3.png */; };
		8381CF73190F445D0025BEE2 /* HPcover1.png in Resources */ = {isa = PBXBuildFile; fileRef = 8381CF6F190F445D0025BEE2 /* HPcover1.png */; };
		838715DB1902CCD5007C2313 /* GSGaussiStoreBar.m in Sources */ = {isa = PBXBuildFile; fileRef = 838715DA1902CCD5007C2313 /* GSGaussiStoreBar.m */; };
		838715E11902CF49007C2313 /* GSTestViewController.m in Sources */ = {isa = PBXBuildFile; fileRef = 838715E01902CF49007C2313 /* GSTestViewController.m */; };
		838715E41902D36B007C2313 /* GSGaussiStoreBarButton.m in Sources */ = {isa = PBXBuildFile; fileRef = 838715E31902D36B007C2313 /* GSGaussiStoreBarButton.m */; };
		838715E8190307BE007C2313 /* GSGaussiStoreSubBar.m in Sources */ = {isa = PBXBuildFile; fileRef = 838715E7190307BE007C2313 /* GSGaussiStoreSubBar.m */; };
		838715EB19030BDD007C2313 /* GSGaussiStoreSubBarButton.m in Sources */ = {isa = PBXBuildFile; fileRef = 838715EA19030BDD007C2313 /* GSGaussiStoreSubBarButton.m */; };
		838715EE19031CBB007C2313 /* GSGaussiStoreLeftBar.m in Sources */ = {isa = PBXBuildFile; fileRef = 838715ED19031CBB007C2313 /* GSGaussiStoreLeftBar.m */; };
		838715F1190326F4007C2313 /* GSLeftBarButton.m in Sources */ = {isa = PBXBuildFile; fileRef = 838715F0190326F4007C2313 /* GSLeftBarButton.m */; };
		83CF356E190C0B6300FAE1C4 /* GSGaussiStoreCell.m in Sources */ = {isa = PBXBuildFile; fileRef = 83CF356D190C0B6300FAE1C4 /* GSGaussiStoreCell.m */; };
		83CF3570190C0C2C00FAE1C4 /* sampleComputerScience.png in Resources */ = {isa = PBXBuildFile; fileRef = 83CF356F190C0C2C00FAE1C4 /* sampleComputerScience.png */; };
/* End PBXBuildFile section */

/* Begin PBXContainerItemProxy section */
		831F08D71900A432006E15C9 /* PBXContainerItemProxy */ = {
			isa = PBXContainerItemProxy;
			containerPortal = 831F08A91900A432006E15C9 /* Project object */;
			proxyType = 1;
			remoteGlobalIDString = 831F08B01900A432006E15C9;
			remoteInfo = Gaussi;
		};
/* End PBXContainerItemProxy section */

/* Begin PBXFileReference section */
		831F08B11900A432006E15C9 /* Gaussi.app */ = {isa = PBXFileReference; explicitFileType = wrapper.application; includeInIndex = 0; path = Gaussi.app; sourceTree = BUILT_PRODUCTS_DIR; };
		831F08B41900A432006E15C9 /* Foundation.framework */ = {isa = PBXFileReference; lastKnownFileType = wrapper.framework; name = Foundation.framework; path = System/Library/Frameworks/Foundation.framework; sourceTree = SDKROOT; };
		831F08B61900A432006E15C9 /* CoreGraphics.framework */ = {isa = PBXFileReference; lastKnownFileType = wrapper.framework; name = CoreGraphics.framework; path = System/Library/Frameworks/CoreGraphics.framework; sourceTree = SDKROOT; };
		831F08B81900A432006E15C9 /* UIKit.framework */ = {isa = PBXFileReference; lastKnownFileType = wrapper.framework; name = UIKit.framework; path = System/Library/Frameworks/UIKit.framework; sourceTree = SDKROOT; };
		831F08BC1900A432006E15C9 /* Gaussi-Info.plist */ = {isa = PBXFileReference; lastKnownFileType = text.plist.xml; path = "Gaussi-Info.plist"; sourceTree = "<group>"; };
		831F08BE1900A432006E15C9 /* en */ = {isa = PBXFileReference; lastKnownFileType = text.plist.strings; name = en; path = en.lproj/InfoPlist.strings; sourceTree = "<group>"; };
		831F08C01900A432006E15C9 /* main.m */ = {isa = PBXFileReference; lastKnownFileType = sourcecode.c.objc; path = main.m; sourceTree = "<group>"; };
		831F08C21900A432006E15C9 /* Gaussi-Prefix.pch */ = {isa = PBXFileReference; lastKnownFileType = sourcecode.c.h; path = "Gaussi-Prefix.pch"; sourceTree = "<group>"; };
		831F08C31900A432006E15C9 /* GSAppDelegate.h */ = {isa = PBXFileReference; lastKnownFileType = sourcecode.c.h; path = GSAppDelegate.h; sourceTree = "<group>"; };
		831F08C41900A432006E15C9 /* GSAppDelegate.m */ = {isa = PBXFileReference; lastKnownFileType = sourcecode.c.objc; path = GSAppDelegate.m; sourceTree = "<group>"; };
		831F08C71900A432006E15C9 /* Base */ = {isa = PBXFileReference; lastKnownFileType = file.storyboard; name = Base; path = Base.lproj/Main.storyboard; sourceTree = "<group>"; };
		831F08CC1900A432006E15C9 /* Images.xcassets */ = {isa = PBXFileReference; lastKnownFileType = folder.assetcatalog; path = Images.xcassets; sourceTree = "<group>"; };
		831F08D21900A432006E15C9 /* GaussiTests.xctest */ = {isa = PBXFileReference; explicitFileType = wrapper.cfbundle; includeInIndex = 0; path = GaussiTests.xctest; sourceTree = BUILT_PRODUCTS_DIR; };
		831F08D31900A432006E15C9 /* XCTest.framework */ = {isa = PBXFileReference; lastKnownFileType = wrapper.framework; name = XCTest.framework; path = Library/Frameworks/XCTest.framework; sourceTree = DEVELOPER_DIR; };
		831F08DB1900A432006E15C9 /* GaussiTests-Info.plist */ = {isa = PBXFileReference; lastKnownFileType = text.plist.xml; path = "GaussiTests-Info.plist"; sourceTree = "<group>"; };
		831F08DD1900A432006E15C9 /* en */ = {isa = PBXFileReference; lastKnownFileType = text.plist.strings; name = en; path = en.lproj/InfoPlist.strings; sourceTree = "<group>"; };
		831F08DF1900A432006E15C9 /* GaussiTests.m */ = {isa = PBXFileReference; lastKnownFileType = sourcecode.c.objc; path = GaussiTests.m; sourceTree = "<group>"; };
		831F09121900B359006E15C9 /* GSSplashView.h */ = {isa = PBXFileReference; fileEncoding = 4; lastKnownFileType = sourcecode.c.h; path = GSSplashView.h; sourceTree = "<group>"; };
		831F09131900B359006E15C9 /* GSSplashView.m */ = {isa = PBXFileReference; fileEncoding = 4; lastKnownFileType = sourcecode.c.objc; path = GSSplashView.m; sourceTree = "<group>"; };
		831F09151900B3A5006E15C9 /* GSReaderView.h */ = {isa = PBXFileReference; fileEncoding = 4; lastKnownFileType = sourcecode.c.h; path = GSReaderView.h; sourceTree = "<group>"; };
		831F09161900B3A5006E15C9 /* GSReaderView.m */ = {isa = PBXFileReference; fileEncoding = 4; lastKnownFileType = sourcecode.c.objc; path = GSReaderView.m; sourceTree = "<group>"; };
		831F09181900B45D006E15C9 /* GSHomePageView.h */ = {isa = PBXFileReference; fileEncoding = 4; lastKnownFileType = sourcecode.c.h; path = GSHomePageView.h; sourceTree = "<group>"; };
		831F09191900B45D006E15C9 /* GSHomePageView.m */ = {isa = PBXFileReference; fileEncoding = 4; lastKnownFileType = sourcecode.c.objc; path = GSHomePageView.m; sourceTree = "<group>"; };
		831F091D1900B809006E15C9 /* BackGroundImage.jpg */ = {isa = PBXFileReference; lastKnownFileType = image.jpeg; path = BackGroundImage.jpg; sourceTree = "<group>"; };
		831F091E1900B809006E15C9 /* BigLogo.png */ = {isa = PBXFileReference; lastKnownFileType = image.png; path = BigLogo.png; sourceTree = "<group>"; };
		831F091F1900B809006E15C9 /* FocusOnKnowledgeItself.png */ = {isa = PBXFileReference; lastKnownFileType = image.png; path = FocusOnKnowledgeItself.png; sourceTree = "<group>"; };
		831F09201900B809006E15C9 /* IndividualizedKnowledgeBase.png */ = {isa = PBXFileReference; lastKnownFileType = image.png; path = IndividualizedKnowledgeBase.png; sourceTree = "<group>"; };
		831F09251900B8A9006E15C9 /* HPBackGroundImage.jpg */ = {isa = PBXFileReference; lastKnownFileType = image.jpeg; path = HPBackGroundImage.jpg; sourceTree = "<group>"; };
		831F09261900B8A9006E15C9 /* HPBackGroundImageBlured.png */ = {isa = PBXFileReference; lastKnownFileType = image.png; path = HPBackGroundImageBlured.png; sourceTree = "<group>"; };
		831F09271900B8A9006E15C9 /* HPDidYouKnowFrame.png */ = {isa = PBXFileReference; lastKnownFileType = image.png; path = HPDidYouKnowFrame.png; sourceTree = "<group>"; };
		831F09281900B8A9006E15C9 /* HPFocusOnKnowledgeItself.png */ = {isa = PBXFileReference; lastKnownFileType = image.png; path = HPFocusOnKnowledgeItself.png; sourceTree = "<group>"; };
		831F09291900B8A9006E15C9 /* HPIndividualizedKnowledgeBase.png */ = {isa = PBXFileReference; lastKnownFileType = image.png; path = HPIndividualizedKnowledgeBase.png; sourceTree = "<group>"; };
		831F092A1900B8A9006E15C9 /* HPLearnMoreButton.png */ = {isa = PBXFileReference; lastKnownFileType = image.png; path = HPLearnMoreButton.png; sourceTree = "<group>"; };
		831F092B1900B8A9006E15C9 /* HPMagnifyingGlass (SearchButton).png */ = {isa = PBXFileReference; lastKnownFileType = image.png; path = "HPMagnifyingGlass (SearchButton).png"; sourceTree = "<group>"; };
		831F092C1900B8A9006E15C9 /* HPMainPageLogo.png */ = {isa = PBXFileReference; lastKnownFileType = image.png; path = HPMainPageLogo.png; sourceTree = "<group>"; };
		831F092D1900B8A9006E15C9 /* HPMoreOptionsButton.png */ = {isa = PBXFileReference; lastKnownFileType = image.png; path = HPMoreOptionsButton.png; sourceTree = "<group>"; };
		831F092E1900B8A9006E15C9 /* HPPullUpButton.png */ = {isa = PBXFileReference; lastKnownFileType = image.png; path = HPPullUpButton.png; sourceTree = "<group>"; };
		831F092F1900B8A9006E15C9 /* HPQuestionMark.png */ = {isa = PBXFileReference; lastKnownFileType = image.png; path = HPQuestionMark.png; sourceTree = "<group>"; };
		831F09301900B8A9006E15C9 /* HPSearchArea.png */ = {isa = PBXFileReference; lastKnownFileType = image.png; path = HPSearchArea.png; sourceTree = "<group>"; };
		831F09311900B8A9006E15C9 /* HPTrendingSearchedWordsFrame.png */ = {isa = PBXFileReference; lastKnownFileType = image.png; path = HPTrendingSearchedWordsFrame.png; sourceTree = "<group>"; };
		831F09401900B8DE006E15C9 /* CreateEncyclopediaIcon.png */ = {isa = PBXFileReference; lastKnownFileType = image.png; path = CreateEncyclopediaIcon.png; sourceTree = "<group>"; };
		831F09411900B8DE006E15C9 /* HelpIcon.png */ = {isa = PBXFileReference; lastKnownFileType = image.png; path = HelpIcon.png; sourceTree = "<group>"; };
		831F09421900B8DE006E15C9 /* KnowledgeBaseIcon.png */ = {isa = PBXFileReference; lastKnownFileType = image.png; path = KnowledgeBaseIcon.png; sourceTree = "<group>"; };
		831F09431900B8DE006E15C9 /* MenuDroppedShadow.png */ = {isa = PBXFileReference; lastKnownFileType = image.png; path = MenuDroppedShadow.png; sourceTree = "<group>"; };
		831F09441900B8DE006E15C9 /* MoreOptionsMenuArea.png */ = {isa = PBXFileReference; lastKnownFileType = image.png; path = MoreOptionsMenuArea.png; sourceTree = "<group>"; };
		831F09451900B8DE006E15C9 /* ProfileIcon.png */ = {isa = PBXFileReference; lastKnownFileType = image.png; path = ProfileIcon.png; sourceTree = "<group>"; };
		831F09461900B8DE006E15C9 /* SettingsIcon.png */ = {isa = PBXFileReference; lastKnownFileType = image.png; path = SettingsIcon.png; sourceTree = "<group>"; };
		831F09471900B8DE006E15C9 /* ViewHistoryIcon.png */ = {isa = PBXFileReference; lastKnownFileType = image.png; path = ViewHistoryIcon.png; sourceTree = "<group>"; };
		831F09501900B8FB006E15C9 /* NavigationTriangle.png */ = {isa = PBXFileReference; lastKnownFileType = image.png; path = NavigationTriangle.png; sourceTree = "<group>"; };
		831F09511900B8FB006E15C9 /* SeeProfileButton(fold).png */ = {isa = PBXFileReference; lastKnownFileType = image.png; path = "SeeProfileButton(fold).png"; sourceTree = "<group>"; };
		831F09521900B8FB006E15C9 /* SeeProfileButton(unfold).png */ = {isa = PBXFileReference; lastKnownFileType = image.png; path = "SeeProfileButton(unfold).png"; sourceTree = "<group>"; };
		831F09561900B910006E15C9 /* Bookmark.png */ = {isa = PBXFileReference; lastKnownFileType = image.png; path = Bookmark.png; sourceTree = "<group>"; };
		831F09571900B910006E15C9 /* Brightness.png */ = {isa = PBXFileReference; lastKnownFileType = image.png; path = Brightness.png; sourceTree = "<group>"; };
		831F09581900B910006E15C9 /* GoBackButton.png */ = {isa = PBXFileReference; lastKnownFileType = image.png; path = GoBackButton.png; sourceTree = "<group>"; };
		831F09591900B910006E15C9 /* NextButton.png */ = {isa = PBXFileReference; lastKnownFileType = image.png; path = NextButton.png; sourceTree = "<group>"; };
		831F095A1900B910006E15C9 /* Search.png */ = {isa = PBXFileReference; lastKnownFileType = image.png; path = Search.png; sourceTree = "<group>"; };
		831F095B1900B910006E15C9 /* TextSize.png */ = {isa = PBXFileReference; lastKnownFileType = image.png; path = TextSize.png; sourceTree = "<group>"; };
		831F09621900B925006E15C9 /* PlayButton.png */ = {isa = PBXFileReference; lastKnownFileType = image.png; path = PlayButton.png; sourceTree = "<group>"; };
		831F09631900B925006E15C9 /* StopButton.png */ = {isa = PBXFileReference; lastKnownFileType = image.png; path = StopButton.png; sourceTree = "<group>"; };
		831F09641900B925006E15C9 /* VideoPlayButton.png */ = {isa = PBXFileReference; lastKnownFileType = image.png; path = VideoPlayButton.png; sourceTree = "<group>"; };
		831F09651900B925006E15C9 /* VolumeButton.png */ = {isa = PBXFileReference; lastKnownFileType = image.png; path = VolumeButton.png; sourceTree = "<group>"; };
		831F096B1900B955006E15C9 /* Face.png */ = {isa = PBXFileReference; lastKnownFileType = image.png; path = Face.png; sourceTree = "<group>"; };
		831F096C1900B955006E15C9 /* Letter.png */ = {isa = PBXFileReference; lastKnownFileType = image.png; path = Letter.png; sourceTree = "<group>"; };
		831F096D1900B955006E15C9 /* MenuButtonBackground.png */ = {isa = PBXFileReference; lastKnownFileType = image.png; path = MenuButtonBackground.png; sourceTree = "<group>"; };
		831F096E1900B955006E15C9 /* OpenButton.png */ = {isa = PBXFileReference; lastKnownFileType = image.png; path = OpenButton.png; sourceTree = "<group>"; };
		831F096F1900B955006E15C9 /* RatingStarTransparent.png */ = {isa = PBXFileReference; lastKnownFileType = image.png; path = RatingStarTransparent.png; sourceTree = "<group>"; };
		831F09701900B955006E15C9 /* RatingStarWhite.png */ = {isa = PBXFileReference; lastKnownFileType = image.png; path = RatingStarWhite.png; sourceTree = "<group>"; };
		831F09711900B955006E15C9 /* Twitter.png */ = {isa = PBXFileReference; lastKnownFileType = image.png; path = Twitter.png; sourceTree = "<group>"; };
		831F09791900B961006E15C9 /* InfoBoxBackgroundImage.png */ = {isa = PBXFileReference; lastKnownFileType = image.png; path = InfoBoxBackgroundImage.png; sourceTree = "<group>"; };
		831F097C1900BA15006E15C9 /* CreatingEncyclopediaIcon02.png */ = {isa = PBXFileReference; lastKnownFileType = image.png; path = CreatingEncyclopediaIcon02.png; sourceTree = "<group>"; };
		831F097D1900BA15006E15C9 /* GaussiStoreIcon2.png */ = {isa = PBXFileReference; lastKnownFileType = image.png; path = GaussiStoreIcon2.png; sourceTree = "<group>"; };
		831F097E1900BA15006E15C9 /* KnowledgeBaseIcon2.png */ = {isa = PBXFileReference; lastKnownFileType = image.png; path = KnowledgeBaseIcon2.png; sourceTree = "<group>"; };
		831F097F1900BA15006E15C9 /* PurchaseButtion.png */ = {isa = PBXFileReference; lastKnownFileType = image.png; path = PurchaseButtion.png; sourceTree = "<group>"; };
		831F09801900BA15006E15C9 /* ViewHistoryIcon2.png */ = {isa = PBXFileReference; lastKnownFileType = image.png; path = ViewHistoryIcon2.png; sourceTree = "<group>"; };
		83365CA01912B2DD007A31DF /* GSInfoBoxView.h */ = {isa = PBXFileReference; fileEncoding = 4; lastKnownFileType = sourcecode.c.h; path = GSInfoBoxView.h; sourceTree = "<group>"; };
		83365CA11912B2DD007A31DF /* GSInfoBoxView.m */ = {isa = PBXFileReference; fileEncoding = 4; lastKnownFileType = sourcecode.c.objc; path = GSInfoBoxView.m; sourceTree = "<group>"; };
		83365CA31912DA8F007A31DF /* SampleProfilePic.png */ = {isa = PBXFileReference; lastKnownFileType = image.png; path = SampleProfilePic.png; sourceTree = "<group>"; };
		83365CA51912DC80007A31DF /* SampleInfoBoxBackgroundImage.png */ = {isa = PBXFileReference; lastKnownFileType = image.png; path = SampleInfoBoxBackgroundImage.png; sourceTree = "<group>"; };
		835E7E7B1911E3B200B3FC2B /* GSOptionsViewController.h */ = {isa = PBXFileReference; fileEncoding = 4; lastKnownFileType = sourcecode.c.h; path = GSOptionsViewController.h; sourceTree = "<group>"; };
		835E7E7C1911E3B200B3FC2B /* GSOptionsViewController.m */ = {isa = PBXFileReference; fileEncoding = 4; lastKnownFileType = sourcecode.c.objc; path = GSOptionsViewController.m; sourceTree = "<group>"; };
		835E7E7E19120B6B00B3FC2B /* SampleCover.png */ = {isa = PBXFileReference; lastKnownFileType = image.png; path = SampleCover.png; sourceTree = "<group>"; };
		835E7E8019120C3E00B3FC2B /* continue.png */ = {isa = PBXFileReference; lastKnownFileType = image.png; path = continue.png; sourceTree = "<group>"; };
		8381CF62190F43640025BEE2 /* GSHomePageTest.h */ = {isa = PBXFileReference; fileEncoding = 4; lastKnownFileType = sourcecode.c.h; path = GSHomePageTest.h; sourceTree = "<group>"; };
		8381CF63190F43640025BEE2 /* GSHomePageTest.m */ = {isa = PBXFileReference; fileEncoding = 4; lastKnownFileType = sourcecode.c.objc; path = GSHomePageTest.m; sourceTree = "<group>"; };
		8381CF66190F43A70025BEE2 /* GSScrollWindow.h */ = {isa = PBXFileReference; fileEncoding = 4; lastKnownFileType = sourcecode.c.h; path = GSScrollWindow.h; sourceTree = "<group>"; };
		8381CF67190F43A70025BEE2 /* GSScrollWindow.m */ = {isa = PBXFileReference; fileEncoding = 4; lastKnownFileType = sourcecode.c.objc; path = GSScrollWindow.m; sourceTree = "<group>"; };
		8381CF69190F43BB0025BEE2 /* GSScrollSingleWindow.h */ = {isa = PBXFileReference; fileEncoding = 4; lastKnownFileType = sourcecode.c.h; path = GSScrollSingleWindow.h; sourceTree = "<group>"; };
		8381CF6A190F43BB0025BEE2 /* GSScrollSingleWindow.m */ = {isa = PBXFileReference; fileEncoding = 4; lastKnownFileType = sourcecode.c.objc; path = GSScrollSingleWindow.m; sourceTree = "<group>"; };
		8381CF6C190F445D0025BEE2 /* HPbg1.png */ = {isa = PBXFileReference; lastKnownFileType = image.png; path = HPbg1.png; sourceTree = "<group>"; };
		8381CF6D190F445D0025BEE2 /* HPbg2.png */ = {isa = PBXFileReference; lastKnownFileType = image.png; path = HPbg2.png; sourceTree = "<group>"; };
		8381CF6E190F445D0025BEE2 /* HPbg3.png */ = {isa = PBXFileReference; lastKnownFileType = image.png; path = HPbg3.png; sourceTree = "<group>"; };
		8381CF6F190F445D0025BEE2 /* HPcover1.png */ = {isa = PBXFileReference; lastKnownFileType = image.png; path = HPcover1.png; sourceTree = "<group>"; };
		838715D91902CCD5007C2313 /* GSGaussiStoreBar.h */ = {isa = PBXFileReference; fileEncoding = 4; lastKnownFileType = sourcecode.c.h; path = GSGaussiStoreBar.h; sourceTree = "<group>"; };
		838715DA1902CCD5007C2313 /* GSGaussiStoreBar.m */ = {isa = PBXFileReference; fileEncoding = 4; lastKnownFileType = sourcecode.c.objc; path = GSGaussiStoreBar.m; sourceTree = "<group>"; };
		838715DF1902CF49007C2313 /* GSTestViewController.h */ = {isa = PBXFileReference; fileEncoding = 4; lastKnownFileType = sourcecode.c.h; path = GSTestViewController.h; sourceTree = "<group>"; };
		838715E01902CF49007C2313 /* GSTestViewController.m */ = {isa = PBXFileReference; fileEncoding = 4; lastKnownFileType = sourcecode.c.objc; path = GSTestViewController.m; sourceTree = "<group>"; };
		838715E21902D36B007C2313 /* GSGaussiStoreBarButton.h */ = {isa = PBXFileReference; fileEncoding = 4; lastKnownFileType = sourcecode.c.h; path = GSGaussiStoreBarButton.h; sourceTree = "<group>"; };
		838715E31902D36B007C2313 /* GSGaussiStoreBarButton.m */ = {isa = PBXFileReference; fileEncoding = 4; lastKnownFileType = sourcecode.c.objc; path = GSGaussiStoreBarButton.m; sourceTree = "<group>"; };
		838715E6190307BE007C2313 /* GSGaussiStoreSubBar.h */ = {isa = PBXFileReference; fileEncoding = 4; lastKnownFileType = sourcecode.c.h; path = GSGaussiStoreSubBar.h; sourceTree = "<group>"; };
		838715E7190307BE007C2313 /* GSGaussiStoreSubBar.m */ = {isa = PBXFileReference; fileEncoding = 4; lastKnownFileType = sourcecode.c.objc; path = GSGaussiStoreSubBar.m; sourceTree = "<group>"; };
		838715E919030BDD007C2313 /* GSGaussiStoreSubBarButton.h */ = {isa = PBXFileReference; fileEncoding = 4; lastKnownFileType = sourcecode.c.h; path = GSGaussiStoreSubBarButton.h; sourceTree = "<group>"; };
		838715EA19030BDD007C2313 /* GSGaussiStoreSubBarButton.m */ = {isa = PBXFileReference; fileEncoding = 4; lastKnownFileType = sourcecode.c.objc; path = GSGaussiStoreSubBarButton.m; sourceTree = "<group>"; };
		838715EC19031CBB007C2313 /* GSGaussiStoreLeftBar.h */ = {isa = PBXFileReference; fileEncoding = 4; lastKnownFileType = sourcecode.c.h; path = GSGaussiStoreLeftBar.h; sourceTree = "<group>"; };
		838715ED19031CBB007C2313 /* GSGaussiStoreLeftBar.m */ = {isa = PBXFileReference; fileEncoding = 4; lastKnownFileType = sourcecode.c.objc; path = GSGaussiStoreLeftBar.m; sourceTree = "<group>"; };
		838715EF190326F4007C2313 /* GSLeftBarButton.h */ = {isa = PBXFileReference; fileEncoding = 4; lastKnownFileType = sourcecode.c.h; path = GSLeftBarButton.h; sourceTree = "<group>"; };
		838715F0190326F4007C2313 /* GSLeftBarButton.m */ = {isa = PBXFileReference; fileEncoding = 4; lastKnownFileType = sourcecode.c.objc; path = GSLeftBarButton.m; sourceTree = "<group>"; };
		83CF356C190C0B6300FAE1C4 /* GSGaussiStoreCell.h */ = {isa = PBXFileReference; fileEncoding = 4; lastKnownFileType = sourcecode.c.h; path = GSGaussiStoreCell.h; sourceTree = "<group>"; };
		83CF356D190C0B6300FAE1C4 /* GSGaussiStoreCell.m */ = {isa = PBXFileReference; fileEncoding = 4; lastKnownFileType = sourcecode.c.objc; path = GSGaussiStoreCell.m; sourceTree = "<group>"; };
		83CF356F190C0C2C00FAE1C4 /* sampleComputerScience.png */ = {isa = PBXFileReference; lastKnownFileType = image.png; path = sampleComputerScience.png; sourceTree = "<group>"; };
/* End PBXFileReference section */

/* Begin PBXFrameworksBuildPhase section */
		831F08AE1900A432006E15C9 /* Frameworks */ = {
			isa = PBXFrameworksBuildPhase;
			buildActionMask = 2147483647;
			files = (
				831F08B71900A432006E15C9 /* CoreGraphics.framework in Frameworks */,
				831F08B91900A432006E15C9 /* UIKit.framework in Frameworks */,
				831F08B51900A432006E15C9 /* Foundation.framework in Frameworks */,
			);
			runOnlyForDeploymentPostprocessing = 0;
		};
		831F08CF1900A432006E15C9 /* Frameworks */ = {
			isa = PBXFrameworksBuildPhase;
			buildActionMask = 2147483647;
			files = (
				831F08D41900A432006E15C9 /* XCTest.framework in Frameworks */,
				831F08D61900A432006E15C9 /* UIKit.framework in Frameworks */,
				831F08D51900A432006E15C9 /* Foundation.framework in Frameworks */,
			);
			runOnlyForDeploymentPostprocessing = 0;
		};
/* End PBXFrameworksBuildPhase section */

/* Begin PBXGroup section */
		831F08A81900A432006E15C9 = {
			isa = PBXGroup;
			children = (
				831F08BA1900A432006E15C9 /* Gaussi */,
				831F08D91900A432006E15C9 /* GaussiTests */,
				831F08B31900A432006E15C9 /* Frameworks */,
				831F08B21900A432006E15C9 /* Products */,
			);
			sourceTree = "<group>";
		};
		831F08B21900A432006E15C9 /* Products */ = {
			isa = PBXGroup;
			children = (
				831F08B11900A432006E15C9 /* Gaussi.app */,
				831F08D21900A432006E15C9 /* GaussiTests.xctest */,
			);
			name = Products;
			sourceTree = "<group>";
		};
		831F08B31900A432006E15C9 /* Frameworks */ = {
			isa = PBXGroup;
			children = (
				831F08B41900A432006E15C9 /* Foundation.framework */,
				831F08B61900A432006E15C9 /* CoreGraphics.framework */,
				831F08B81900A432006E15C9 /* UIKit.framework */,
				831F08D31900A432006E15C9 /* XCTest.framework */,
			);
			name = Frameworks;
			sourceTree = "<group>";
		};
		831F08BA1900A432006E15C9 /* Gaussi */ = {
			isa = PBXGroup;
			children = (
				838715971902CA37007C2313 /* Widget */,
				831F08EA1900A563006E15C9 /* Resource */,
				831F08E91900A555006E15C9 /* ViewGroup */,
				831F08C31900A432006E15C9 /* GSAppDelegate.h */,
				831F08C41900A432006E15C9 /* GSAppDelegate.m */,
				831F08C61900A432006E15C9 /* Main.storyboard */,
				831F08CC1900A432006E15C9 /* Images.xcassets */,
				831F08BB1900A432006E15C9 /* Supporting Files */,
			);
			path = Gaussi;
			sourceTree = "<group>";
		};
		831F08BB1900A432006E15C9 /* Supporting Files */ = {
			isa = PBXGroup;
			children = (
				831F08BC1900A432006E15C9 /* Gaussi-Info.plist */,
				831F08BD1900A432006E15C9 /* InfoPlist.strings */,
				831F08C01900A432006E15C9 /* main.m */,
				831F08C21900A432006E15C9 /* Gaussi-Prefix.pch */,
			);
			name = "Supporting Files";
			sourceTree = "<group>";
		};
		831F08D91900A432006E15C9 /* GaussiTests */ = {
			isa = PBXGroup;
			children = (
				831F08DF1900A432006E15C9 /* GaussiTests.m */,
				831F08DA1900A432006E15C9 /* Supporting Files */,
			);
			path = GaussiTests;
			sourceTree = "<group>";
		};
		831F08DA1900A432006E15C9 /* Supporting Files */ = {
			isa = PBXGroup;
			children = (
				831F08DB1900A432006E15C9 /* GaussiTests-Info.plist */,
				831F08DC1900A432006E15C9 /* InfoPlist.strings */,
			);
			name = "Supporting Files";
			sourceTree = "<group>";
		};
		831F08E91900A555006E15C9 /* ViewGroup */ = {
			isa = PBXGroup;
			children = (
				831F09121900B359006E15C9 /* GSSplashView.h */,
				831F09131900B359006E15C9 /* GSSplashView.m */,
				831F09151900B3A5006E15C9 /* GSReaderView.h */,
				831F09161900B3A5006E15C9 /* GSReaderView.m */,
				831F09181900B45D006E15C9 /* GSHomePageView.h */,
				831F09191900B45D006E15C9 /* GSHomePageView.m */,
				838715DF1902CF49007C2313 /* GSTestViewController.h */,
				838715E01902CF49007C2313 /* GSTestViewController.m */,
				8381CF62190F43640025BEE2 /* GSHomePageTest.h */,
				8381CF63190F43640025BEE2 /* GSHomePageTest.m */,
				835E7E7B1911E3B200B3FC2B /* GSOptionsViewController.h */,
				835E7E7C1911E3B200B3FC2B /* GSOptionsViewController.m */,
				83365CA01912B2DD007A31DF /* GSInfoBoxView.h */,
				83365CA11912B2DD007A31DF /* GSInfoBoxView.m */,
			);
			name = ViewGroup;
			sourceTree = "<group>";
		};
		831F08EA1900A563006E15C9 /* Resource */ = {
			isa = PBXGroup;
			children = (
				831F097B1900B9FE006E15C9 /* TransitionView */,
				831F096A1900B93C006E15C9 /* GaussiStoreView */,
				831F093F1900B8B8006E15C9 /* MoreOptionView */,
				831F091C1900B626006E15C9 /* HomePageView */,
				831F08ED1900A606006E15C9 /* ReadingView */,
				831F08EB1900A5DA006E15C9 /* SplashView */,
			);
			name = Resource;
			sourceTree = "<group>";
		};
		831F08EB1900A5DA006E15C9 /* SplashView */ = {
			isa = PBXGroup;
			children = (
				831F091D1900B809006E15C9 /* BackGroundImage.jpg */,
				831F091E1900B809006E15C9 /* BigLogo.png */,
				831F091F1900B809006E15C9 /* FocusOnKnowledgeItself.png */,
				831F09201900B809006E15C9 /* IndividualizedKnowledgeBase.png */,
			);
			name = SplashView;
			sourceTree = "<group>";
		};
		831F08ED1900A606006E15C9 /* ReadingView */ = {
			isa = PBXGroup;
			children = (
				831F09621900B925006E15C9 /* PlayButton.png */,
				831F09631900B925006E15C9 /* StopButton.png */,
				831F09641900B925006E15C9 /* VideoPlayButton.png */,
				831F09651900B925006E15C9 /* VolumeButton.png */,
				831F09561900B910006E15C9 /* Bookmark.png */,
				831F09571900B910006E15C9 /* Brightness.png */,
				831F09581900B910006E15C9 /* GoBackButton.png */,
				831F09591900B910006E15C9 /* NextButton.png */,
				831F095A1900B910006E15C9 /* Search.png */,
				831F095B1900B910006E15C9 /* TextSize.png */,
				831F09501900B8FB006E15C9 /* NavigationTriangle.png */,
				831F09511900B8FB006E15C9 /* SeeProfileButton(fold).png */,
				831F09521900B8FB006E15C9 /* SeeProfileButton(unfold).png */,
			);
			name = ReadingView;
			sourceTree = "<group>";
		};
		831F091C1900B626006E15C9 /* HomePageView */ = {
			isa = PBXGroup;
			children = (
				8381CF6C190F445D0025BEE2 /* HPbg1.png */,
				8381CF6D190F445D0025BEE2 /* HPbg2.png */,
				8381CF6E190F445D0025BEE2 /* HPbg3.png */,
				8381CF6F190F445D0025BEE2 /* HPcover1.png */,
				831F09251900B8A9006E15C9 /* HPBackGroundImage.jpg */,
				831F09261900B8A9006E15C9 /* HPBackGroundImageBlured.png */,
				831F09271900B8A9006E15C9 /* HPDidYouKnowFrame.png */,
				831F09281900B8A9006E15C9 /* HPFocusOnKnowledgeItself.png */,
				831F09291900B8A9006E15C9 /* HPIndividualizedKnowledgeBase.png */,
				831F092A1900B8A9006E15C9 /* HPLearnMoreButton.png */,
				831F092B1900B8A9006E15C9 /* HPMagnifyingGlass (SearchButton).png */,
				831F092C1900B8A9006E15C9 /* HPMainPageLogo.png */,
				831F092D1900B8A9006E15C9 /* HPMoreOptionsButton.png */,
				831F092E1900B8A9006E15C9 /* HPPullUpButton.png */,
				831F092F1900B8A9006E15C9 /* HPQuestionMark.png */,
				831F09301900B8A9006E15C9 /* HPSearchArea.png */,
				831F09311900B8A9006E15C9 /* HPTrendingSearchedWordsFrame.png */,
			);
			name = HomePageView;
			sourceTree = "<group>";
		};
		831F093F1900B8B8006E15C9 /* MoreOptionView */ = {
			isa = PBXGroup;
			children = (
				835E7E8019120C3E00B3FC2B /* continue.png */,
				835E7E7E19120B6B00B3FC2B /* SampleCover.png */,
				831F09401900B8DE006E15C9 /* CreateEncyclopediaIcon.png */,
				831F09411900B8DE006E15C9 /* HelpIcon.png */,
				831F09421900B8DE006E15C9 /* KnowledgeBaseIcon.png */,
				831F09431900B8DE006E15C9 /* MenuDroppedShadow.png */,
				831F09441900B8DE006E15C9 /* MoreOptionsMenuArea.png */,
				831F09451900B8DE006E15C9 /* ProfileIcon.png */,
				831F09461900B8DE006E15C9 /* SettingsIcon.png */,
				831F09471900B8DE006E15C9 /* ViewHistoryIcon.png */,
			);
			name = MoreOptionView;
			sourceTree = "<group>";
		};
		831F096A1900B93C006E15C9 /* GaussiStoreView */ = {
			isa = PBXGroup;
			children = (
				83365CA51912DC80007A31DF /* SampleInfoBoxBackgroundImage.png */,
				83365CA31912DA8F007A31DF /* SampleProfilePic.png */,
				83CF356F190C0C2C00FAE1C4 /* sampleComputerScience.png */,
				831F09791900B961006E15C9 /* InfoBoxBackgroundImage.png */,
				831F096B1900B955006E15C9 /* Face.png */,
				831F096C1900B955006E15C9 /* Letter.png */,
				831F096D1900B955006E15C9 /* MenuButtonBackground.png */,
				831F096E1900B955006E15C9 /* OpenButton.png */,
				831F096F1900B955006E15C9 /* RatingStarTransparent.png */,
				831F09701900B955006E15C9 /* RatingStarWhite.png */,
				831F09711900B955006E15C9 /* Twitter.png */,
			);
			name = GaussiStoreView;
			sourceTree = "<group>";
		};
		831F097B1900B9FE006E15C9 /* TransitionView */ = {
			isa = PBXGroup;
			children = (
				831F097C1900BA15006E15C9 /* CreatingEncyclopediaIcon02.png */,
				831F097D1900BA15006E15C9 /* GaussiStoreIcon2.png */,
				831F097E1900BA15006E15C9 /* KnowledgeBaseIcon2.png */,
				831F097F1900BA15006E15C9 /* PurchaseButtion.png */,
				831F09801900BA15006E15C9 /* ViewHistoryIcon2.png */,
			);
			name = TransitionView;
			sourceTree = "<group>";
		};
		8381CF65190F43780025BEE2 /* HomePage */ = {
			isa = PBXGroup;
			children = (
				8381CF66190F43A70025BEE2 /* GSScrollWindow.h */,
				8381CF67190F43A70025BEE2 /* GSScrollWindow.m */,
				8381CF69190F43BB0025BEE2 /* GSScrollSingleWindow.h */,
				8381CF6A190F43BB0025BEE2 /* GSScrollSingleWindow.m */,
			);
			name = HomePage;
			sourceTree = "<group>";
		};
		838715971902CA37007C2313 /* Widget */ = {
			isa = PBXGroup;
			children = (
				8381CF65190F43780025BEE2 /* HomePage */,
				838715E519030799007C2313 /* GaussiStore */,
			);
			name = Widget;
			sourceTree = "<group>";
		};
		838715E519030799007C2313 /* GaussiStore */ = {
			isa = PBXGroup;
			children = (
				838715D91902CCD5007C2313 /* GSGaussiStoreBar.h */,
				838715DA1902CCD5007C2313 /* GSGaussiStoreBar.m */,
				838715E21902D36B007C2313 /* GSGaussiStoreBarButton.h */,
				838715E31902D36B007C2313 /* GSGaussiStoreBarButton.m */,
				838715E6190307BE007C2313 /* GSGaussiStoreSubBar.h */,
				838715E7190307BE007C2313 /* GSGaussiStoreSubBar.m */,
				838715E919030BDD007C2313 /* GSGaussiStoreSubBarButton.h */,
				838715EA19030BDD007C2313 /* GSGaussiStoreSubBarButton.m */,
				838715EC19031CBB007C2313 /* GSGaussiStoreLeftBar.h */,
				838715ED19031CBB007C2313 /* GSGaussiStoreLeftBar.m */,
				838715EF190326F4007C2313 /* GSLeftBarButton.h */,
				838715F0190326F4007C2313 /* GSLeftBarButton.m */,
				83CF356C190C0B6300FAE1C4 /* GSGaussiStoreCell.h */,
				83CF356D190C0B6300FAE1C4 /* GSGaussiStoreCell.m */,
			);
			name = GaussiStore;
			sourceTree = "<group>";
		};
/* End PBXGroup section */

/* Begin PBXNativeTarget section */
		831F08B01900A432006E15C9 /* Gaussi */ = {
			isa = PBXNativeTarget;
			buildConfigurationList = 831F08E31900A432006E15C9 /* Build configuration list for PBXNativeTarget "Gaussi" */;
			buildPhases = (
				831F08AD1900A432006E15C9 /* Sources */,
				831F08AE1900A432006E15C9 /* Frameworks */,
				831F08AF1900A432006E15C9 /* Resources */,
			);
			buildRules = (
			);
			dependencies = (
			);
			name = Gaussi;
			productName = Gaussi;
			productReference = 831F08B11900A432006E15C9 /* Gaussi.app */;
			productType = "com.apple.product-type.application";
		};
		831F08D11900A432006E15C9 /* GaussiTests */ = {
			isa = PBXNativeTarget;
			buildConfigurationList = 831F08E61900A432006E15C9 /* Build configuration list for PBXNativeTarget "GaussiTests" */;
			buildPhases = (
				831F08CE1900A432006E15C9 /* Sources */,
				831F08CF1900A432006E15C9 /* Frameworks */,
				831F08D01900A432006E15C9 /* Resources */,
			);
			buildRules = (
			);
			dependencies = (
				831F08D81900A432006E15C9 /* PBXTargetDependency */,
			);
			name = GaussiTests;
			productName = GaussiTests;
			productReference = 831F08D21900A432006E15C9 /* GaussiTests.xctest */;
			productType = "com.apple.product-type.bundle.unit-test";
		};
/* End PBXNativeTarget section */

/* Begin PBXProject section */
		831F08A91900A432006E15C9 /* Project object */ = {
			isa = PBXProject;
			attributes = {
				CLASSPREFIX = GS;
				LastUpgradeCheck = 0510;
				ORGANIZATIONNAME = Gaussi;
				TargetAttributes = {
					831F08D11900A432006E15C9 = {
						TestTargetID = 831F08B01900A432006E15C9;
					};
				};
			};
			buildConfigurationList = 831F08AC1900A432006E15C9 /* Build configuration list for PBXProject "Gaussi" */;
			compatibilityVersion = "Xcode 3.2";
			developmentRegion = English;
			hasScannedForEncodings = 0;
			knownRegions = (
				en,
				Base,
			);
			mainGroup = 831F08A81900A432006E15C9;
			productRefGroup = 831F08B21900A432006E15C9 /* Products */;
			projectDirPath = "";
			projectRoot = "";
			targets = (
				831F08B01900A432006E15C9 /* Gaussi */,
				831F08D11900A432006E15C9 /* GaussiTests */,
			);
		};
/* End PBXProject section */

/* Begin PBXResourcesBuildPhase section */
		831F08AF1900A432006E15C9 /* Resources */ = {
			isa = PBXResourcesBuildPhase;
			buildActionMask = 2147483647;
			files = (
				831F093C1900B8A9006E15C9 /* HPQuestionMark.png in Resources */,
				83CF3570190C0C2C00FAE1C4 /* sampleComputerScience.png in Resources */,
				831F095F1900B910006E15C9 /* NextButton.png in Resources */,
				8381CF71190F445D0025BEE2 /* HPbg2.png in Resources */,
				831F09771900B955006E15C9 /* RatingStarWhite.png in Resources */,
				831F09391900B8A9006E15C9 /* HPMainPageLogo.png in Resources */,
				831F093D1900B8A9006E15C9 /* HPSearchArea.png in Resources */,
				831F09841900BA15006E15C9 /* PurchaseButtion.png in Resources */,
				831F097A1900B961006E15C9 /* InfoBoxBackgroundImage.png in Resources */,
				831F09371900B8A9006E15C9 /* HPLearnMoreButton.png in Resources */,
				831F08CD1900A432006E15C9 /* Images.xcassets in Resources */,
				835E7E7F19120B6B00B3FC2B /* SampleCover.png in Resources */,
				831F09241900B809006E15C9 /* IndividualizedKnowledgeBase.png in Resources */,
				831F09551900B8FB006E15C9 /* SeeProfileButton(unfold).png in Resources */,
				83365CA41912DA8F007A31DF /* SampleProfilePic.png in Resources */,
				831F09481900B8DE006E15C9 /* CreateEncyclopediaIcon.png in Resources */,
				831F09381900B8A9006E15C9 /* HPMagnifyingGlass (SearchButton).png in Resources */,
				831F09351900B8A9006E15C9 /* HPFocusOnKnowledgeItself.png in Resources */,
				831F09761900B955006E15C9 /* RatingStarTransparent.png in Resources */,
				831F095D1900B910006E15C9 /* Brightness.png in Resources */,
				831F09751900B955006E15C9 /* OpenButton.png in Resources */,
				831F09691900B925006E15C9 /* VolumeButton.png in Resources */,
				831F094B1900B8DE006E15C9 /* MenuDroppedShadow.png in Resources */,
				831F09491900B8DE006E15C9 /* HelpIcon.png in Resources */,
				831F09211900B809006E15C9 /* BackGroundImage.jpg in Resources */,
				8381CF70190F445D0025BEE2 /* HPbg1.png in Resources */,
				831F09681900B925006E15C9 /* VideoPlayButton.png in Resources */,
				831F094C1900B8DE006E15C9 /* MoreOptionsMenuArea.png in Resources */,
				831F08BF1900A432006E15C9 /* InfoPlist.strings in Resources */,
				831F093E1900B8A9006E15C9 /* HPTrendingSearchedWordsFrame.png in Resources */,
				831F09341900B8A9006E15C9 /* HPDidYouKnowFrame.png in Resources */,
				831F09601900B910006E15C9 /* Search.png in Resources */,
				831F094E1900B8DE006E15C9 /* SettingsIcon.png in Resources */,
				831F09661900B925006E15C9 /* PlayButton.png in Resources */,
				831F09731900B955006E15C9 /* Letter.png in Resources */,
				835E7E8119120C3E00B3FC2B /* continue.png in Resources */,
				831F09721900B955006E15C9 /* Face.png in Resources */,
				831F09851900BA15006E15C9 /* ViewHistoryIcon2.png in Resources */,
				831F094D1900B8DE006E15C9 /* ProfileIcon.png in Resources */,
				831F095E1900B910006E15C9 /* GoBackButton.png in Resources */,
				831F09741900B955006E15C9 /* MenuButtonBackground.png in Resources */,
				8381CF72190F445D0025BEE2 /* HPbg3.png in Resources */,
				831F09331900B8A9006E15C9 /* HPBackGroundImageBlured.png in Resources */,
				831F09781900B955006E15C9 /* Twitter.png in Resources */,
				831F09811900BA15006E15C9 /* CreatingEncyclopediaIcon02.png in Resources */,
				831F09231900B809006E15C9 /* FocusOnKnowledgeItself.png in Resources */,
				83365CA61912DC80007A31DF /* SampleInfoBoxBackgroundImage.png in Resources */,
				831F095C1900B910006E15C9 /* Bookmark.png in Resources */,
				8381CF73190F445D0025BEE2 /* HPcover1.png in Resources */,
				831F094F1900B8DE006E15C9 /* ViewHistoryIcon.png in Resources */,
				831F09831900BA15006E15C9 /* KnowledgeBaseIcon2.png in Resources */,
				831F09361900B8A9006E15C9 /* HPIndividualizedKnowledgeBase.png in Resources */,
				831F09221900B809006E15C9 /* BigLogo.png in Resources */,
				831F093A1900B8A9006E15C9 /* HPMoreOptionsButton.png in Resources */,
				831F094A1900B8DE006E15C9 /* KnowledgeBaseIcon.png in Resources */,
				831F09541900B8FB006E15C9 /* SeeProfileButton(fold).png in Resources */,
				831F09611900B910006E15C9 /* TextSize.png in Resources */,
				831F09531900B8FB006E15C9 /* NavigationTriangle.png in Resources */,
				831F08C81900A432006E15C9 /* Main.storyboard in Resources */,
				831F09321900B8A9006E15C9 /* HPBackGroundImage.jpg in Resources */,
				831F09671900B925006E15C9 /* StopButton.png in Resources */,
				831F093B1900B8A9006E15C9 /* HPPullUpButton.png in Resources */,
				831F09821900BA15006E15C9 /* GaussiStoreIcon2.png in Resources */,
			);
			runOnlyForDeploymentPostprocessing = 0;
		};
		831F08D01900A432006E15C9 /* Resources */ = {
			isa = PBXResourcesBuildPhase;
			buildActionMask = 2147483647;
			files = (
				831F08DE1900A432006E15C9 /* InfoPlist.strings in Resources */,
			);
			runOnlyForDeploymentPostprocessing = 0;
		};
/* End PBXResourcesBuildPhase section */

/* Begin PBXSourcesBuildPhase section */
		831F08AD1900A432006E15C9 /* Sources */ = {
			isa = PBXSourcesBuildPhase;
			buildActionMask = 2147483647;
			files = (
				838715EE19031CBB007C2313 /* GSGaussiStoreLeftBar.m in Sources */,
				831F08C51900A432006E15C9 /* GSAppDelegate.m in Sources */,
				838715F1190326F4007C2313 /* GSLeftBarButton.m in Sources */,
				8381CF64190F43640025BEE2 /* GSHomePageTest.m in Sources */,
				8381CF6B190F43BB0025BEE2 /* GSScrollSingleWindow.m in Sources */,
				835E7E7D1911E3B200B3FC2B /* GSOptionsViewController.m in Sources */,
				838715DB1902CCD5007C2313 /* GSGaussiStoreBar.m in Sources */,
				831F09171900B3A5006E15C9 /* GSReaderView.m in Sources */,
				831F091A1900B45D006E15C9 /* GSHomePageView.m in Sources */,
				838715EB19030BDD007C2313 /* GSGaussiStoreSubBarButton.m in Sources */,
				831F09141900B359006E15C9 /* GSSplashView.m in Sources */,
				838715E11902CF49007C2313 /* GSTestViewController.m in Sources */,
				83CF356E190C0B6300FAE1C4 /* GSGaussiStoreCell.m in Sources */,
				831F08C11900A432006E15C9 /* main.m in Sources */,
				83365CA21912B2DD007A31DF /* GSInfoBoxView.m in Sources */,
				838715E41902D36B007C2313 /* GSGaussiStoreBarButton.m in Sources */,
				838715E8190307BE007C2313 /* GSGaussiStoreSubBar.m in Sources */,
				8381CF68190F43A70025BEE2 /* GSScrollWindow.m in Sources */,
			);
			runOnlyForDeploymentPostprocessing = 0;
		};
		831F08CE1900A432006E15C9 /* Sources */ = {
			isa = PBXSourcesBuildPhase;
			buildActionMask = 2147483647;
			files = (
				831F08E01900A432006E15C9 /* GaussiTests.m in Sources */,
			);
			runOnlyForDeploymentPostprocessing = 0;
		};
/* End PBXSourcesBuildPhase section */

/* Begin PBXTargetDependency section */
		831F08D81900A432006E15C9 /* PBXTargetDependency */ = {
			isa = PBXTargetDependency;
			target = 831F08B01900A432006E15C9 /* Gaussi */;
			targetProxy = 831F08D71900A432006E15C9 /* PBXContainerItemProxy */;
		};
/* End PBXTargetDependency section */

/* Begin PBXVariantGroup section */
		831F08BD1900A432006E15C9 /* InfoPlist.strings */ = {
			isa = PBXVariantGroup;
			children = (
				831F08BE1900A432006E15C9 /* en */,
			);
			name = InfoPlist.strings;
			sourceTree = "<group>";
		};
		831F08C61900A432006E15C9 /* Main.storyboard */ = {
			isa = PBXVariantGroup;
			children = (
				831F08C71900A432006E15C9 /* Base */,
			);
			name = Main.storyboard;
			sourceTree = "<group>";
		};
		831F08DC1900A432006E15C9 /* InfoPlist.strings */ = {
			isa = PBXVariantGroup;
			children = (
				831F08DD1900A432006E15C9 /* en */,
			);
			name = InfoPlist.strings;
			sourceTree = "<group>";
		};
/* End PBXVariantGroup section */

/* Begin XCBuildConfiguration section */
		831F08E11900A432006E15C9 /* Debug */ = {
			isa = XCBuildConfiguration;
			buildSettings = {
				ALWAYS_SEARCH_USER_PATHS = NO;
				CLANG_CXX_LANGUAGE_STANDARD = "gnu++0x";
				CLANG_CXX_LIBRARY = "libc++";
				CLANG_ENABLE_MODULES = YES;
				CLANG_ENABLE_OBJC_ARC = YES;
				CLANG_WARN_BOOL_CONVERSION = YES;
				CLANG_WARN_CONSTANT_CONVERSION = YES;
				CLANG_WARN_DIRECT_OBJC_ISA_USAGE = YES_ERROR;
				CLANG_WARN_EMPTY_BODY = YES;
				CLANG_WARN_ENUM_CONVERSION = YES;
				CLANG_WARN_INT_CONVERSION = YES;
				CLANG_WARN_OBJC_ROOT_CLASS = YES_ERROR;
				CLANG_WARN__DUPLICATE_METHOD_MATCH = YES;
				"CODE_SIGN_IDENTITY[sdk=iphoneos*]" = "iPhone Developer";
				COPY_PHASE_STRIP = NO;
				GCC_C_LANGUAGE_STANDARD = gnu99;
				GCC_DYNAMIC_NO_PIC = NO;
				GCC_OPTIMIZATION_LEVEL = 0;
				GCC_PREPROCESSOR_DEFINITIONS = (
					"DEBUG=1",
					"$(inherited)",
				);
				GCC_SYMBOLS_PRIVATE_EXTERN = NO;
				GCC_WARN_64_TO_32_BIT_CONVERSION = YES;
				GCC_WARN_ABOUT_RETURN_TYPE = YES_ERROR;
				GCC_WARN_UNDECLARED_SELECTOR = YES;
				GCC_WARN_UNINITIALIZED_AUTOS = YES_AGGRESSIVE;
				GCC_WARN_UNUSED_FUNCTION = YES;
				GCC_WARN_UNUSED_VARIABLE = YES;
				IPHONEOS_DEPLOYMENT_TARGET = 7.1;
				ONLY_ACTIVE_ARCH = YES;
				SDKROOT = iphoneos;
				TARGETED_DEVICE_FAMILY = 2;
			};
			name = Debug;
		};
		831F08E21900A432006E15C9 /* Release */ = {
			isa = XCBuildConfiguration;
			buildSettings = {
				ALWAYS_SEARCH_USER_PATHS = NO;
				CLANG_CXX_LANGUAGE_STANDARD = "gnu++0x";
				CLANG_CXX_LIBRARY = "libc++";
				CLANG_ENABLE_MODULES = YES;
				CLANG_ENABLE_OBJC_ARC = YES;
				CLANG_WARN_BOOL_CONVERSION = YES;
				CLANG_WARN_CONSTANT_CONVERSION = YES;
				CLANG_WARN_DIRECT_OBJC_ISA_USAGE = YES_ERROR;
				CLANG_WARN_EMPTY_BODY = YES;
				CLANG_WARN_ENUM_CONVERSION = YES;
				CLANG_WARN_INT_CONVERSION = YES;
				CLANG_WARN_OBJC_ROOT_CLASS = YES_ERROR;
				CLANG_WARN__DUPLICATE_METHOD_MATCH = YES;
				"CODE_SIGN_IDENTITY[sdk=iphoneos*]" = "iPhone Developer";
				COPY_PHASE_STRIP = YES;
				ENABLE_NS_ASSERTIONS = NO;
				GCC_C_LANGUAGE_STANDARD = gnu99;
				GCC_WARN_64_TO_32_BIT_CONVERSION = YES;
				GCC_WARN_ABOUT_RETURN_TYPE = YES_ERROR;
				GCC_WARN_UNDECLARED_SELECTOR = YES;
				GCC_WARN_UNINITIALIZED_AUTOS = YES_AGGRESSIVE;
				GCC_WARN_UNUSED_FUNCTION = YES;
				GCC_WARN_UNUSED_VARIABLE = YES;
				IPHONEOS_DEPLOYMENT_TARGET = 7.1;
				SDKROOT = iphoneos;
				TARGETED_DEVICE_FAMILY = 2;
				VALIDATE_PRODUCT = YES;
			};
			name = Release;
		};
		831F08E41900A432006E15C9 /* Debug */ = {
			isa = XCBuildConfiguration;
			buildSettings = {
				ASSETCATALOG_COMPILER_APPICON_NAME = AppIcon;
				ASSETCATALOG_COMPILER_LAUNCHIMAGE_NAME = LaunchImage;
				GCC_PRECOMPILE_PREFIX_HEADER = YES;
				GCC_PREFIX_HEADER = "Gaussi/Gaussi-Prefix.pch";
				INFOPLIST_FILE = "Gaussi/Gaussi-Info.plist";
				PRODUCT_NAME = "$(TARGET_NAME)";
				WRAPPER_EXTENSION = app;
			};
			name = Debug;
		};
		831F08E51900A432006E15C9 /* Release */ = {
			isa = XCBuildConfiguration;
			buildSettings = {
				ASSETCATALOG_COMPILER_APPICON_NAME = AppIcon;
				ASSETCATALOG_COMPILER_LAUNCHIMAGE_NAME = LaunchImage;
				GCC_PRECOMPILE_PREFIX_HEADER = YES;
				GCC_PREFIX_HEADER = "Gaussi/Gaussi-Prefix.pch";
				INFOPLIST_FILE = "Gaussi/Gaussi-Info.plist";
				PRODUCT_NAME = "$(TARGET_NAME)";
				WRAPPER_EXTENSION = app;
			};
			name = Release;
		};
		831F08E71900A432006E15C9 /* Debug */ = {
			isa = XCBuildConfiguration;
			buildSettings = {
				BUNDLE_LOADER = "$(BUILT_PRODUCTS_DIR)/Gaussi.app/Gaussi";
				FRAMEWORK_SEARCH_PATHS = (
					"$(SDKROOT)/Developer/Library/Frameworks",
					"$(inherited)",
					"$(DEVELOPER_FRAMEWORKS_DIR)",
				);
				GCC_PRECOMPILE_PREFIX_HEADER = YES;
				GCC_PREFIX_HEADER = "Gaussi/Gaussi-Prefix.pch";
				GCC_PREPROCESSOR_DEFINITIONS = (
					"DEBUG=1",
					"$(inherited)",
				);
				INFOPLIST_FILE = "GaussiTests/GaussiTests-Info.plist";
				PRODUCT_NAME = "$(TARGET_NAME)";
				TEST_HOST = "$(BUNDLE_LOADER)";
				WRAPPER_EXTENSION = xctest;
			};
			name = Debug;
		};
		831F08E81900A432006E15C9 /* Release */ = {
			isa = XCBuildConfiguration;
			buildSettings = {
				BUNDLE_LOADER = "$(BUILT_PRODUCTS_DIR)/Gaussi.app/Gaussi";
				FRAMEWORK_SEARCH_PATHS = (
					"$(SDKROOT)/Developer/Library/Frameworks",
					"$(inherited)",
					"$(DEVELOPER_FRAMEWORKS_DIR)",
				);
				GCC_PRECOMPILE_PREFIX_HEADER = YES;
				GCC_PREFIX_HEADER = "Gaussi/Gaussi-Prefix.pch";
				INFOPLIST_FILE = "GaussiTests/GaussiTests-Info.plist";
				PRODUCT_NAME = "$(TARGET_NAME)";
				TEST_HOST = "$(BUNDLE_LOADER)";
				WRAPPER_EXTENSION = xctest;
			};
			name = Release;
		};
/* End XCBuildConfiguration section */

/* Begin XCConfigurationList section */
		831F08AC1900A432006E15C9 /* Build configuration list for PBXProject "Gaussi" */ = {
			isa = XCConfigurationList;
			buildConfigurations = (
				831F08E11900A432006E15C9 /* Debug */,
				831F08E21900A432006E15C9 /* Release */,
			);
			defaultConfigurationIsVisible = 0;
			defaultConfigurationName = Release;
		};
		831F08E31900A432006E15C9 /* Build configuration list for PBXNativeTarget "Gaussi" */ = {
			isa = XCConfigurationList;
			buildConfigurations = (
				831F08E41900A432006E15C9 /* Debug */,
				831F08E51900A432006E15C9 /* Release */,
			);
			defaultConfigurationIsVisible = 0;
			defaultConfigurationName = Release;
		};
		831F08E61900A432006E15C9 /* Build configuration list for PBXNativeTarget "GaussiTests" */ = {
			isa = XCConfigurationList;
			buildConfigurations = (
				831F08E71900A432006E15C9 /* Debug */,
				831F08E81900A432006E15C9 /* Release */,
			);
			defaultConfigurationIsVisible = 0;
			defaultConfigurationName = Release;
		};
/* End XCConfigurationList section */
	};
	rootObject = 831F08A91900A432006E15C9 /* Project object */;
}
